schema: '2.0'
stages:
  data_ingestion:
    cmd: python src/data/data_ingestion.py
    deps:
    - path: src/data/data_ingestion.py
      hash: md5
      md5: 9003af83e05d950f828826c55d914e18
      size: 3673
    params:
      params.yaml:
        data_ingestion.test_size: 0.25
    outs:
    - path: data/raw
      hash: md5
      md5: 3a301dd6a0b3caa261222635788eb1a5.dir
      size: 827973
      nfiles: 2
  data_preprocessing:
    cmd: python src/data/data_preprocessing.py
    deps:
    - path: data/raw
      hash: md5
      md5: 3a301dd6a0b3caa261222635788eb1a5.dir
      size: 827973
      nfiles: 2
    - path: src/data/data_preprocessing.py
      hash: md5
      md5: d1dd17b3fbe56b47c36cd302548826e0
      size: 3701
    outs:
    - path: data/interim
      hash: md5
      md5: bbfee8a22d92c7be20e490e7deacf8b3.dir
      size: 497173
      nfiles: 2
  feature_engineering:
    cmd: python src/features/feature_engineering.py
    deps:
    - path: data/interim
      hash: md5
      md5: bbfee8a22d92c7be20e490e7deacf8b3.dir
      size: 497173
      nfiles: 2
    - path: src/features/feature_engineering.py
      hash: md5
      md5: d7732084ae506861387958b7f02015e5
      size: 3997
    params:
      params.yaml:
        feature_engineering.max_features: 3700
    outs:
    - path: data/processed
      hash: md5
      md5: c25d7b0b7a003b48d26838bd3ee29178.dir
      size: 76833516
      nfiles: 2
    - path: models/vectorizer.pkl
      hash: md5
      md5: 77466b2b894a6276d6ba435ced8e281a
      size: 243883
  model_building:
    cmd: python src/model/model_building.py
    deps:
    - path: data/processed
      hash: md5
      md5: c25d7b0b7a003b48d26838bd3ee29178.dir
      size: 76833516
      nfiles: 2
    - path: src/model/model_building.py
      hash: md5
      md5: 66537b0920c14fc36e97b5f3d341a5fc
      size: 2442
    outs:
    - path: models/model.pkl
      hash: md5
      md5: 7eb1332f379d75a33d4bfc2113e8a569
      size: 30317
  model_evaluation:
    cmd: python src/model/model_evaluation.py
    deps:
    - path: models/model.pkl
      hash: md5
      md5: 7eb1332f379d75a33d4bfc2113e8a569
      size: 30317
    - path: src/model/model_evaluation.py
      hash: md5
      md5: 6892cb90d7d299a7c173bb8cb17ee344
      size: 5444
    outs:
    - path: reports/experiment_info.json
      hash: md5
      md5: b8563024bba1e23ad0ad13157f702668
      size: 82
    - path: reports/metrics.json
      hash: md5
      md5: ec15bb0f49e1708788678f99da6e1e0a
      size: 132
  model_registration:
    cmd: python src/model/register_model.py
    deps:
    - path: reports/experiment_info.json
      hash: md5
      md5: b8563024bba1e23ad0ad13157f702668
      size: 82
    - path: src/model/register_model.py
      hash: md5
      md5: 0e0e3dfdc93c42d7bf90ffb01b92777f
      size: 3432
